
Microsoft Visual Studio Solution File, Format Version 12.00
# Visual Studio Version 17
VisualStudioVersion = 17.10.35004.147
MinimumVisualStudioVersion = 10.0.40219.1
Project("{9A19103F-16F7-4668-BE54-9A1E7A4F7556}") = "WebApplication1", "WebApplication1\WebApplication1.csproj", "{B970B5F0-D312-4A99-97B9-044D4AFFC5E5}"
EndProject
Global
	GlobalSection(SolutionConfigurationPlatforms) = preSolution
		Debug|Any CPU = Debug|Any CPU
		Release|Any CPU = Release|Any CPU
	EndGlobalSection
	GlobalSection(ProjectConfigurationPlatforms) = postSolution
		{B970B5F0-D312-4A99-97B9-044D4AFFC5E5}.Debug|Any CPU.ActiveCfg = Debug|Any CPU
		{B970B5F0-D312-4A99-97B9-044D4AFFC5E5}.Debug|Any CPU.Build.0 = Debug|Any CPU
		{B970B5F0-D312-4A99-97B9-044D4AFFC5E5}.Release|Any CPU.ActiveCfg = Release|Any CPU
		{B970B5F0-D312-4A99-97B9-044D4AFFC5E5}.Release|Any CPU.Build.0 = Release|Any CPU
	EndGlobalSection
	GlobalSection(SolutionProperties) = preSolution
		HideSolutionNode = FALSE
	EndGlobalSection
	GlobalSection(ExtensibilityGlobals) = postSolution
		SolutionGuid = {5E223DB1-7091-4143-A37E-811ED88204C4}
	EndGlobalSection
EndGlobal
